
Microsoft Visual Studio Solution File, Format Version 12.00
# Visual Studio Version 17
VisualStudioVersion = 17.9.34616.47
MinimumVisualStudioVersion = 10.0.40219.1
Project("{9A19103F-16F7-4668-BE54-9A1E7A4F7556}") = "OdiAdmin", "OdiAdmin.csproj", "{72425087-F695-4F5C-8760-7F28119E6EB5}"
EndProject
Global
	GlobalSection(SolutionConfigurationPlatforms) = preSolution
		Debug|Any CPU = Debug|Any CPU
		Release|Any CPU = Release|Any CPU
	EndGlobalSection
	GlobalSection(ProjectConfigurationPlatforms) = postSolution
		{72425087-F695-4F5C-8760-7F28119E6EB5}.Debug|Any CPU.ActiveCfg = Debug|Any CPU
		{72425087-F695-4F5C-8760-7F28119E6EB5}.Debug|Any CPU.Build.0 = Debug|Any CPU
		{72425087-F695-4F5C-8760-7F28119E6EB5}.Release|Any CPU.ActiveCfg = Release|Any CPU
		{72425087-F695-4F5C-8760-7F28119E6EB5}.Release|Any CPU.Build.0 = Release|Any CPU
	EndGlobalSection
	GlobalSection(SolutionProperties) = preSolution
		HideSolutionNode = FALSE
	EndGlobalSection
	GlobalSection(ExtensibilityGlobals) = postSolution
		SolutionGuid = {01D66784-A94B-4734-BD42-3C6919E5D081}
	EndGlobalSection
EndGlobal
